// !$*UTF8*$!
{
	archiveVersion = 1;
	classes = {
	};
	objectVersion = 50;
	objects = {

/* Begin PBXBuildFile section */
		C1ABCAD42096161800283DA4 /* AppDelegate.swift in Sources */ = {isa = PBXBuildFile; fileRef = C1ABCAD32096161800283DA4 /* AppDelegate.swift */; };
		C1ABCAD92096161800283DA4 /* Main.storyboard in Resources */ = {isa = PBXBuildFile; fileRef = C1ABCAD72096161800283DA4 /* Main.storyboard */; };
		C1ABCADB2096161900283DA4 /* Assets.xcassets in Resources */ = {isa = PBXBuildFile; fileRef = C1ABCADA2096161900283DA4 /* Assets.xcassets */; };
		C1ABCADE2096161900283DA4 /* LaunchScreen.storyboard in Resources */ = {isa = PBXBuildFile; fileRef = C1ABCADC2096161900283DA4 /* LaunchScreen.storyboard */; };
		C1ABCAE620961C4200283DA4 /* CycleAndFrameController.swift in Sources */ = {isa = PBXBuildFile; fileRef = C1ABCAE520961C4200283DA4 /* CycleAndFrameController.swift */; };
		C1ABCAE82096367400283DA4 /* ProgrammaticController.swift in Sources */ = {isa = PBXBuildFile; fileRef = C1ABCAE72096367400283DA4 /* ProgrammaticController.swift */; };
/* End PBXBuildFile section */

/* Begin PBXFileReference section */
		C1ABCAD02096161800283DA4 /* moreView.app */ = {isa = PBXFileReference; explicitFileType = wrapper.application; includeInIndex = 0; path = moreView.app; sourceTree = BUILT_PRODUCTS_DIR; };
		C1ABCAD32096161800283DA4 /* AppDelegate.swift */ = {isa = PBXFileReference; lastKnownFileType = sourcecode.swift; path = AppDelegate.swift; sourceTree = "<group>"; };
		C1ABCAD82096161800283DA4 /* Base */ = {isa = PBXFileReference; lastKnownFileType = file.storyboard; name = Base; path = Base.lproj/Main.storyboard; sourceTree = "<group>"; };
		C1ABCADA2096161900283DA4 /* Assets.xcassets */ = {isa = PBXFileReference; lastKnownFileType = folder.assetcatalog; path = Assets.xcassets; sourceTree = "<group>"; };
		C1ABCADD2096161900283DA4 /* Base */ = {isa = PBXFileReference; lastKnownFileType = file.storyboard; name = Base; path = Base.lproj/LaunchScreen.storyboard; sourceTree = "<group>"; };
		C1ABCADF2096161900283DA4 /* Info.plist */ = {isa = PBXFileReference; lastKnownFileType = text.plist.xml; path = Info.plist; sourceTree = "<group>"; };
		C1ABCAE520961C4200283DA4 /* CycleAndFrameController.swift */ = {isa = PBXFileReference; lastKnownFileType = sourcecode.swift; path = CycleAndFrameController.swift; sourceTree = "<group>"; };
		C1ABCAE72096367400283DA4 /* ProgrammaticController.swift */ = {isa = PBXFileReference; lastKnownFileType = sourcecode.swift; path = ProgrammaticController.swift; sourceTree = "<group>"; };
/* End PBXFileReference section */

/* Begin PBXFrameworksBuildPhase section */
		C1ABCACD2096161800283DA4 /* Frameworks */ = {
			isa = PBXFrameworksBuildPhase;
			buildActionMask = 2147483647;
			files = (
			);
			runOnlyForDeploymentPostprocessing = 0;
		};
/* End PBXFrameworksBuildPhase section */

/* Begin PBXGroup section */
		C1ABCAC72096161800283DA4 = {
			isa = PBXGroup;
			children = (
				C1ABCAD22096161800283DA4 /* moreView */,
				C1ABCAD12096161800283DA4 /* Products */,
			);
			sourceTree = "<group>";
		};
		C1ABCAD12096161800283DA4 /* Products */ = {
			isa = PBXGroup;
			children = (
				C1ABCAD02096161800283DA4 /* moreView.app */,
			);
			name = Products;
			sourceTree = "<group>";
		};
		C1ABCAD22096161800283DA4 /* moreView */ = {
			isa = PBXGroup;
			children = (
				C1ABCAD32096161800283DA4 /* AppDelegate.swift */,
				C1ABCAD72096161800283DA4 /* Main.storyboard */,
				C1ABCAE72096367400283DA4 /* ProgrammaticController.swift */,
				C1ABCAE520961C4200283DA4 /* CycleAndFrameController.swift */,
				C1ABCADA2096161900283DA4 /* Assets.xcassets */,
				C1ABCADC2096161900283DA4 /* LaunchScreen.storyboard */,
				C1ABCADF2096161900283DA4 /* Info.plist */,
			);
			path = moreView;
			sourceTree = "<group>";
		};
/* End PBXGroup section */

/* Begin PBXNativeTarget section */
		C1ABCACF2096161800283DA4 /* moreView */ = {
			isa = PBXNativeTarget;
			buildConfigurationList = C1ABCAE22096161900283DA4 /* Build configuration list for PBXNativeTarget "moreView" */;
			buildPhases = (
				C1ABCACC2096161800283DA4 /* Sources */,
				C1ABCACD2096161800283DA4 /* Frameworks */,
				C1ABCACE2096161800283DA4 /* Resources */,
			);
			buildRules = (
			);
			dependencies = (
			);
			name = moreView;
			productName = moreView;
			productReference = C1ABCAD02096161800283DA4 /* moreView.app */;
			productType = "com.apple.product-type.application";
		};
/* End PBXNativeTarget section */

/* Begin PBXProject section */
		C1ABCAC82096161800283DA4 /* Project object */ = {
			isa = PBXProject;
			attributes = {
				LastSwiftUpdateCheck = 0930;
				LastUpgradeCheck = 0930;
				ORGANIZATIONNAME = "christophe milliere";
				TargetAttributes = {
					C1ABCACF2096161800283DA4 = {
						CreatedOnToolsVersion = 9.3;
					};
				};
			};
			buildConfigurationList = C1ABCACB2096161800283DA4 /* Build configuration list for PBXProject "moreView" */;
			compatibilityVersion = "Xcode 9.3";
			developmentRegion = en;
			hasScannedForEncodings = 0;
			knownRegions = (
				en,
				Base,
			);
			mainGroup = C1ABCAC72096161800283DA4;
			productRefGroup = C1ABCAD12096161800283DA4 /* Products */;
			projectDirPath = "";
			projectRoot = "";
			targets = (
				C1ABCACF2096161800283DA4 /* moreView */,
			);
		};
/* End PBXProject section */

/* Begin PBXResourcesBuildPhase section */
		C1ABCACE2096161800283DA4 /* Resources */ = {
			isa = PBXResourcesBuildPhase;
			buildActionMask = 2147483647;
			files = (
				C1ABCADE2096161900283DA4 /* LaunchScreen.storyboard in Resources */,
				C1ABCADB2096161900283DA4 /* Assets.xcassets in Resources */,
				C1ABCAD92096161800283DA4 /* Main.storyboard in Resources */,
			);
			runOnlyForDeploymentPostprocessing = 0;
		};
/* End PBXResourcesBuildPhase section */

/* Begin PBXSourcesBuildPhase section */
		C1ABCACC2096161800283DA4 /* Sources */ = {
			isa = PBXSourcesBuildPhase;
			buildActionMask = 2147483647;
			files = (
				C1ABCAE620961C4200283DA4 /* CycleAndFrameController.swift in Sources */,
				C1ABCAE82096367400283DA4 /* ProgrammaticController.swift in Sources */,
				C1ABCAD42096161800283DA4 /* AppDelegate.swift in Sources */,
			);
			runOnlyForDeploymentPostprocessing = 0;
		};
/* End PBXSourcesBuildPhase section */

/* Begin PBXVariantGroup section */
		C1ABCAD72096161800283DA4 /* Main.storyboard */ = {
			isa = PBXVariantGroup;
			children = (
				C1ABCAD82096161800283DA4 /* Base */,
			);
			name = Main.storyboard;
			sourceTree = "<group>";
		};
		C1ABCADC2096161900283DA4 /* LaunchScreen.storyboard */ = {
			isa = PBXVariantGroup;
			children = (
				C1ABCADD2096161900283DA4 /* Base */,
			);
			name = LaunchScreen.storyboard;
			sourceTree = "<group>";
		};
/* End PBXVariantGroup section */

/* Begin XCBuildConfiguration section */
		C1ABCAE02096161900283DA4 /* Debug */ = {
			isa = XCBuildConfiguration;
			buildSettings = {
				ALWAYS_SEARCH_USER_PATHS = NO;
				CLANG_ANALYZER_NONNULL = YES;
				CLANG_ANALYZER_NUMBER_OBJECT_CONVERSION = YES_AGGRESSIVE;
				CLANG_CXX_LANGUAGE_STANDARD = "gnu++14";
				CLANG_CXX_LIBRARY = "libc++";
				CLANG_ENABLE_MODULES = YES;
				CLANG_ENABLE_OBJC_ARC = YES;
				CLANG_ENABLE_OBJC_WEAK = YES;
				CLANG_WARN_BLOCK_CAPTURE_AUTORELEASING = YES;
				CLANG_WARN_BOOL_CONVERSION = YES;
				CLANG_WARN_COMMA = YES;
				CLANG_WARN_CONSTANT_CONVERSION = YES;
				CLANG_WARN_DEPRECATED_OBJC_IMPLEMENTATIONS = YES;
				CLANG_WARN_DIRECT_OBJC_ISA_USAGE = YES_ERROR;
				CLANG_WARN_DOCUMENTATION_COMMENTS = YES;
				CLANG_WARN_EMPTY_BODY = YES;
				CLANG_WARN_ENUM_CONVERSION = YES;
				CLANG_WARN_INFINITE_RECURSION = YES;
				CLANG_WARN_INT_CONVERSION = YES;
				CLANG_WARN_NON_LITERAL_NULL_CONVERSION = YES;
				CLANG_WARN_OBJC_IMPLICIT_RETAIN_SELF = YES;
				CLANG_WARN_OBJC_LITERAL_CONVERSION = YES;
				CLANG_WARN_OBJC_ROOT_CLASS = YES_ERROR;
				CLANG_WARN_RANGE_LOOP_ANALYSIS = YES;
				CLANG_WARN_STRICT_PROTOTYPES = YES;
				CLANG_WARN_SUSPICIOUS_MOVE = YES;
				CLANG_WARN_UNGUARDED_AVAILABILITY = YES_AGGRESSIVE;
				CLANG_WARN_UNREACHABLE_CODE = YES;
				CLANG_WARN__DUPLICATE_METHOD_MATCH = YES;
				CODE_SIGN_IDENTITY = "iPhone Developer";
				COPY_PHASE_STRIP = NO;
				DEBUG_INFORMATION_FORMAT = dwarf;
				ENABLE_STRICT_OBJC_MSGSEND = YES;
				ENABLE_TESTABILITY = YES;
				GCC_C_LANGUAGE_STANDARD = gnu11;
				GCC_DYNAMIC_NO_PIC = NO;
				GCC_NO_COMMON_BLOCKS = YES;
				GCC_OPTIMIZATION_LEVEL = 0;
				GCC_PREPROCESSOR_DEFINITIONS = (
					"DEBUG=1",
					"$(inherited)",
				);
				GCC_WARN_64_TO_32_BIT_CONVERSION = YES;
				GCC_WARN_ABOUT_RETURN_TYPE = YES_ERROR;
				GCC_WARN_UNDECLARED_SELECTOR = YES;
				GCC_WARN_UNINITIALIZED_AUTOS = YES_AGGRESSIVE;
				GCC_WARN_UNUSED_FUNCTION = YES;
				GCC_WARN_UNUSED_VARIABLE = YES;
				IPHONEOS_DEPLOYMENT_TARGET = 11.3;
				MTL_ENABLE_DEBUG_INFO = YES;
				ONLY_ACTIVE_ARCH = YES;
				SDKROOT = iphoneos;
				SWIFT_ACTIVE_COMPILATION_CONDITIONS = DEBUG;
				SWIFT_OPTIMIZATION_LEVEL = "-Onone";
			};
			name = Debug;
		};
		C1ABCAE12096161900283DA4 /* Release */ = {
			isa = XCBuildConfiguration;
			buildSettings = {
				ALWAYS_SEARCH_USER_PATHS = NO;
				CLANG_ANALYZER_NONNULL = YES;
				CLANG_ANALYZER_NUMBER_OBJECT_CONVERSION = YES_AGGRESSIVE;
				CLANG_CXX_LANGUAGE_STANDARD = "gnu++14";
				CLANG_CXX_LIBRARY = "libc++";
				CLANG_ENABLE_MODULES = YES;
				CLANG_ENABLE_OBJC_ARC = YES;
				CLANG_ENABLE_OBJC_WEAK = YES;
				CLANG_WARN_BLOCK_CAPTURE_AUTORELEASING = YES;
				CLANG_WARN_BOOL_CONVERSION = YES;
				CLANG_WARN_COMMA = YES;
				CLANG_WARN_CONSTANT_CONVERSION = YES;
				CLANG_WARN_DEPRECATED_OBJC_IMPLEMENTATIONS = YES;
				CLANG_WARN_DIRECT_OBJC_ISA_USAGE = YES_ERROR;
				CLANG_WARN_DOCUMENTATION_COMMENTS = YES;
				CLANG_WARN_EMPTY_BODY = YES;
				CLANG_WARN_ENUM_CONVERSION = YES;
				CLANG_WARN_INFINITE_RECURSION = YES;
				CLANG_WARN_INT_CONVERSION = YES;
				CLANG_WARN_NON_LITERAL_NULL_CONVERSION = YES;
				CLANG_WARN_OBJC_IMPLICIT_RETAIN_SELF = YES;
				CLANG_WARN_OBJC_LITERAL_CONVERSION = YES;
				CLANG_WARN_OBJC_ROOT_CLASS = YES_ERROR;
				CLANG_WARN_RANGE_LOOP_ANALYSIS = YES;
				CLANG_WARN_STRICT_PROTOTYPES = YES;
				CLANG_WARN_SUSPICIOUS_MOVE = YES;
				CLANG_WARN_UNGUARDED_AVAILABILITY = YES_AGGRESSIVE;
				CLANG_WARN_UNREACHABLE_CODE = YES;
				CLANG_WARN__DUPLICATE_METHOD_MATCH = YES;
				CODE_SIGN_IDENTITY = "iPhone Developer";
				COPY_PHASE_STRIP = NO;
				DEBUG_INFORMATION_FORMAT = "dwarf-with-dsym";
				ENABLE_NS_ASSERTIONS = NO;
				ENABLE_STRICT_OBJC_MSGSEND = YES;
				GCC_C_LANGUAGE_STANDARD = gnu11;
				GCC_NO_COMMON_BLOCKS = YES;
				GCC_WARN_64_TO_32_BIT_CONVERSION = YES;
				GCC_WARN_ABOUT_RETURN_TYPE = YES_ERROR;
				GCC_WARN_UNDECLARED_SELECTOR = YES;
				GCC_WARN_UNINITIALIZED_AUTOS = YES_AGGRESSIVE;
				GCC_WARN_UNUSED_FUNCTION = YES;
				GCC_WARN_UNUSED_VARIABLE = YES;
				IPHONEOS_DEPLOYMENT_TARGET = 11.3;
				MTL_ENABLE_DEBUG_INFO = NO;
				SDKROOT = iphoneos;
				SWIFT_COMPILATION_MODE = wholemodule;
				SWIFT_OPTIMIZATION_LEVEL = "-O";
				VALIDATE_PRODUCT = YES;
			};
			name = Release;
		};
		C1ABCAE32096161900283DA4 /* Debug */ = {
			isa = XCBuildConfiguration;
			buildSettings = {
				ASSETCATALOG_COMPILER_APPICON_NAME = AppIcon;
				CODE_SIGN_STYLE = Automatic;
				DEVELOPMENT_TEAM = ENGLX8LG3W;
				INFOPLIST_FILE = moreView/Info.plist;
				LD_RUNPATH_SEARCH_PATHS = (
					"$(inherited)",
					"@executable_path/Frameworks",
				);
				PRODUCT_BUNDLE_IDENTIFIER = com.beta.moreView;
				PRODUCT_NAME = "$(TARGET_NAME)";
				SWIFT_VERSION = 4.0;
				TARGETED_DEVICE_FAMILY = "1,2";
			};
			name = Debug;
		};
		C1ABCAE42096161900283DA4 /* Release */ = {
			isa = XCBuildConfiguration;
			buildSettings = {
				ASSETCATALOG_COMPILER_APPICON_NAME = AppIcon;
				CODE_SIGN_STYLE = Automatic;
				DEVELOPMENT_TEAM = ENGLX8LG3W;
				INFOPLIST_FILE = moreView/Info.plist;
				LD_RUNPATH_SEARCH_PATHS = (
					"$(inherited)",
					"@executable_path/Frameworks",
				);
				PRODUCT_BUNDLE_IDENTIFIER = com.beta.moreView;
				PRODUCT_NAME = "$(TARGET_NAME)";
				SWIFT_VERSION = 4.0;
				TARGETED_DEVICE_FAMILY = "1,2";
			};
			name = Release;
		};
/* End XCBuildConfiguration section */

/* Begin XCConfigurationList section */
		C1ABCACB2096161800283DA4 /* Build configuration list for PBXProject "moreView" */ = {
			isa = XCConfigurationList;
			buildConfigurations = (
				C1ABCAE02096161900283DA4 /* Debug */,
				C1ABCAE12096161900283DA4 /* Release */,
			);
			defaultConfigurationIsVisible = 0;
			defaultConfigurationName = Release;
		};
		C1ABCAE22096161900283DA4 /* Build configuration list for PBXNativeTarget "moreView" */ = {
			isa = XCConfigurationList;
			buildConfigurations = (
				C1ABCAE32096161900283DA4 /* Debug */,
				C1ABCAE42096161900283DA4 /* Release */,
			);
			defaultConfigurationIsVisible = 0;
			defaultConfigurationName = Release;
		};
/* End XCConfigurationList section */
	};
	rootObject = C1ABCAC82096161800283DA4 /* Project object */;
}
